
Microsoft Visual Studio Solution File, Format Version 12.00
# Visual Studio 15
VisualStudioVersion = 15.0.27130.2036
MinimumVisualStudioVersion = 10.0.40219.1
Project("{FAE04EC0-301F-11D3-BF4B-00C04F79EFBC}") = "CadastroClientes", "CadastroClientes.csproj", "{34AE80CC-A46F-4A67-B87D-5E0129A78FE3}"
EndProject
Global
	GlobalSection(SolutionConfigurationPlatforms) = preSolution
		Debug|Any CPU = Debug|Any CPU
		Release|Any CPU = Release|Any CPU
	EndGlobalSection
	GlobalSection(ProjectConfigurationPlatforms) = postSolution
		{34AE80CC-A46F-4A67-B87D-5E0129A78FE3}.Debug|Any CPU.ActiveCfg = Debug|Any CPU
		{34AE80CC-A46F-4A67-B87D-5E0129A78FE3}.Debug|Any CPU.Build.0 = Debug|Any CPU
		{34AE80CC-A46F-4A67-B87D-5E0129A78FE3}.Release|Any CPU.ActiveCfg = Release|Any CPU
		{34AE80CC-A46F-4A67-B87D-5E0129A78FE3}.Release|Any CPU.Build.0 = Release|Any CPU
	EndGlobalSection
	GlobalSection(SolutionProperties) = preSolution
		HideSolutionNode = FALSE
	EndGlobalSection
	GlobalSection(ExtensibilityGlobals) = postSolution
		SolutionGuid = {E9E30EC6-EAA4-4631-82AE-F86821EDDB6C}
	EndGlobalSection
EndGlobal
